
Microsoft Visual Studio Solution File, Format Version 12.00
# Visual Studio Version 17
VisualStudioVersion = 17.10.35013.160
MinimumVisualStudioVersion = 10.0.40219.1
Project("{FAE04EC0-301F-11D3-BF4B-00C04F79EFBC}") = "while", "while\while.csproj", "{8E4395AE-7649-474F-A81C-7BAD8C0F9F4F}"
EndProject
Global
	GlobalSection(SolutionConfigurationPlatforms) = preSolution
		Debug|Any CPU = Debug|Any CPU
		Release|Any CPU = Release|Any CPU
	EndGlobalSection
	GlobalSection(ProjectConfigurationPlatforms) = postSolution
		{8E4395AE-7649-474F-A81C-7BAD8C0F9F4F}.Debug|Any CPU.ActiveCfg = Debug|Any CPU
		{8E4395AE-7649-474F-A81C-7BAD8C0F9F4F}.Debug|Any CPU.Build.0 = Debug|Any CPU
		{8E4395AE-7649-474F-A81C-7BAD8C0F9F4F}.Release|Any CPU.ActiveCfg = Release|Any CPU
		{8E4395AE-7649-474F-A81C-7BAD8C0F9F4F}.Release|Any CPU.Build.0 = Release|Any CPU
	EndGlobalSection
	GlobalSection(SolutionProperties) = preSolution
		HideSolutionNode = FALSE
	EndGlobalSection
	GlobalSection(ExtensibilityGlobals) = postSolution
		SolutionGuid = {D2A263E2-C8AC-4AB8-8601-EBEFF375FB4C}
	EndGlobalSection
EndGlobal
